// !$*UTF8*$!
{
	archiveVersion = 1;
	classes = {
	};
	objectVersion = 48;
	objects = {

/* Begin PBXBuildFile section */
		0DBD4FBD45D6B814E253B7D4 /* Pods_ProductAssistant.framework in Frameworks */ = {isa = PBXBuildFile; fileRef = 99680D6FDBD33486B132E03D /* Pods_ProductAssistant.framework */; };
		BB10C981207176440089D4D4 /* AppDelegate.swift in Sources */ = {isa = PBXBuildFile; fileRef = BB10C980207176440089D4D4 /* AppDelegate.swift */; };
		BB10C986207176440089D4D4 /* Main.storyboard in Resources */ = {isa = PBXBuildFile; fileRef = BB10C984207176440089D4D4 /* Main.storyboard */; };
		BB10C988207176440089D4D4 /* Assets.xcassets in Resources */ = {isa = PBXBuildFile; fileRef = BB10C987207176440089D4D4 /* Assets.xcassets */; };
		BB10C98B207176440089D4D4 /* LaunchScreen.storyboard in Resources */ = {isa = PBXBuildFile; fileRef = BB10C989207176440089D4D4 /* LaunchScreen.storyboard */; };
		BB10C99320718A230089D4D4 /* MainTableViewController.swift in Sources */ = {isa = PBXBuildFile; fileRef = BB10C99220718A230089D4D4 /* MainTableViewController.swift */; };
		BB10C99520718D090089D4D4 /* SettingsTableViewController.swift in Sources */ = {isa = PBXBuildFile; fileRef = BB10C99420718D090089D4D4 /* SettingsTableViewController.swift */; };
		BB10C997207190FE0089D4D4 /* API.swift in Sources */ = {isa = PBXBuildFile; fileRef = BB10C996207190FE0089D4D4 /* API.swift */; };
		BB1E29FC20778ED00024E1B5 /* StoragesMessage.swift in Sources */ = {isa = PBXBuildFile; fileRef = BB1E29FB20778ED00024E1B5 /* StoragesMessage.swift */; };
		BB1E2A0020778F110024E1B5 /* ProductsMessage.swift in Sources */ = {isa = PBXBuildFile; fileRef = BB1E29FF20778F110024E1B5 /* ProductsMessage.swift */; };
		BB2404CD207824BF00EDB3C4 /* RabbitsHolder.swift in Sources */ = {isa = PBXBuildFile; fileRef = BB2404CC207824BF00EDB3C4 /* RabbitsHolder.swift */; };
		BB2CEAC22071AA7A00D557F4 /* Logger.swift in Sources */ = {isa = PBXBuildFile; fileRef = BB2CEAC12071AA7A00D557F4 /* Logger.swift */; };
		BB2CEAC42071BDA100D557F4 /* Rabbit.swift in Sources */ = {isa = PBXBuildFile; fileRef = BB2CEAC32071BDA100D557F4 /* Rabbit.swift */; };
		BB482AD3207796D300917DE3 /* Product.swift in Sources */ = {isa = PBXBuildFile; fileRef = BB482AD2207796D300917DE3 /* Product.swift */; };
/* End PBXBuildFile section */

/* Begin PBXFileReference section */
		913A4584BED76D7C7FBD01CA /* Pods-ProductAssistant.release.xcconfig */ = {isa = PBXFileReference; includeInIndex = 1; lastKnownFileType = text.xcconfig; name = "Pods-ProductAssistant.release.xcconfig"; path = "Pods/Target Support Files/Pods-ProductAssistant/Pods-ProductAssistant.release.xcconfig"; sourceTree = "<group>"; };
		99680D6FDBD33486B132E03D /* Pods_ProductAssistant.framework */ = {isa = PBXFileReference; explicitFileType = wrapper.framework; includeInIndex = 0; path = Pods_ProductAssistant.framework; sourceTree = BUILT_PRODUCTS_DIR; };
		BA22DE5C0A2B92D29862BC19 /* Pods-ProductAssistant.debug.xcconfig */ = {isa = PBXFileReference; includeInIndex = 1; lastKnownFileType = text.xcconfig; name = "Pods-ProductAssistant.debug.xcconfig"; path = "Pods/Target Support Files/Pods-ProductAssistant/Pods-ProductAssistant.debug.xcconfig"; sourceTree = "<group>"; };
		BB10C97D207176440089D4D4 /* ProductAssistant.app */ = {isa = PBXFileReference; explicitFileType = wrapper.application; includeInIndex = 0; path = ProductAssistant.app; sourceTree = BUILT_PRODUCTS_DIR; };
		BB10C980207176440089D4D4 /* AppDelegate.swift */ = {isa = PBXFileReference; lastKnownFileType = sourcecode.swift; path = AppDelegate.swift; sourceTree = "<group>"; };
		BB10C985207176440089D4D4 /* Base */ = {isa = PBXFileReference; lastKnownFileType = file.storyboard; name = Base; path = Base.lproj/Main.storyboard; sourceTree = "<group>"; };
		BB10C987207176440089D4D4 /* Assets.xcassets */ = {isa = PBXFileReference; lastKnownFileType = folder.assetcatalog; path = Assets.xcassets; sourceTree = "<group>"; };
		BB10C98A207176440089D4D4 /* Base */ = {isa = PBXFileReference; lastKnownFileType = file.storyboard; name = Base; path = Base.lproj/LaunchScreen.storyboard; sourceTree = "<group>"; };
		BB10C98C207176440089D4D4 /* Info.plist */ = {isa = PBXFileReference; lastKnownFileType = text.plist.xml; path = Info.plist; sourceTree = "<group>"; };
		BB10C99220718A230089D4D4 /* MainTableViewController.swift */ = {isa = PBXFileReference; lastKnownFileType = sourcecode.swift; path = MainTableViewController.swift; sourceTree = "<group>"; };
		BB10C99420718D090089D4D4 /* SettingsTableViewController.swift */ = {isa = PBXFileReference; lastKnownFileType = sourcecode.swift; path = SettingsTableViewController.swift; sourceTree = "<group>"; };
		BB10C996207190FE0089D4D4 /* API.swift */ = {isa = PBXFileReference; lastKnownFileType = sourcecode.swift; path = API.swift; sourceTree = "<group>"; };
		BB1E29FB20778ED00024E1B5 /* StoragesMessage.swift */ = {isa = PBXFileReference; lastKnownFileType = sourcecode.swift; path = StoragesMessage.swift; sourceTree = "<group>"; };
		BB1E29FF20778F110024E1B5 /* ProductsMessage.swift */ = {isa = PBXFileReference; lastKnownFileType = sourcecode.swift; path = ProductsMessage.swift; sourceTree = "<group>"; };
		BB2404CC207824BF00EDB3C4 /* RabbitsHolder.swift */ = {isa = PBXFileReference; lastKnownFileType = sourcecode.swift; path = RabbitsHolder.swift; sourceTree = "<group>"; };
		BB2CEAC12071AA7A00D557F4 /* Logger.swift */ = {isa = PBXFileReference; fileEncoding = 4; lastKnownFileType = sourcecode.swift; path = Logger.swift; sourceTree = "<group>"; };
		BB2CEAC32071BDA100D557F4 /* Rabbit.swift */ = {isa = PBXFileReference; lastKnownFileType = sourcecode.swift; path = Rabbit.swift; sourceTree = "<group>"; };
		BB482AD2207796D300917DE3 /* Product.swift */ = {isa = PBXFileReference; fileEncoding = 4; lastKnownFileType = sourcecode.swift; path = Product.swift; sourceTree = "<group>"; };
/* End PBXFileReference section */

/* Begin PBXFrameworksBuildPhase section */
		BB10C97A207176440089D4D4 /* Frameworks */ = {
			isa = PBXFrameworksBuildPhase;
			buildActionMask = 2147483647;
			files = (
				0DBD4FBD45D6B814E253B7D4 /* Pods_ProductAssistant.framework in Frameworks */,
			);
			runOnlyForDeploymentPostprocessing = 0;
		};
/* End PBXFrameworksBuildPhase section */

/* Begin PBXGroup section */
		37FED3CA5B18E2F203C6F79C /* Pods */ = {
			isa = PBXGroup;
			children = (
				BA22DE5C0A2B92D29862BC19 /* Pods-ProductAssistant.debug.xcconfig */,
				913A4584BED76D7C7FBD01CA /* Pods-ProductAssistant.release.xcconfig */,
			);
			name = Pods;
			sourceTree = "<group>";
		};
		71CEAA36277F45C3258BDA0A /* Frameworks */ = {
			isa = PBXGroup;
			children = (
				99680D6FDBD33486B132E03D /* Pods_ProductAssistant.framework */,
			);
			name = Frameworks;
			sourceTree = "<group>";
		};
		BB10C974207176440089D4D4 = {
			isa = PBXGroup;
			children = (
				BB10C97F207176440089D4D4 /* ProductAssistant */,
				BB10C97E207176440089D4D4 /* Products */,
				37FED3CA5B18E2F203C6F79C /* Pods */,
				71CEAA36277F45C3258BDA0A /* Frameworks */,
			);
			sourceTree = "<group>";
		};
		BB10C97E207176440089D4D4 /* Products */ = {
			isa = PBXGroup;
			children = (
				BB10C97D207176440089D4D4 /* ProductAssistant.app */,
			);
			name = Products;
			sourceTree = "<group>";
		};
		BB10C97F207176440089D4D4 /* ProductAssistant */ = {
			isa = PBXGroup;
			children = (
				BB10C980207176440089D4D4 /* AppDelegate.swift */,
				BB10C996207190FE0089D4D4 /* API.swift */,
				BB2CEAC32071BDA100D557F4 /* Rabbit.swift */,
				BB2404CC207824BF00EDB3C4 /* RabbitsHolder.swift */,
				BB2CEAC12071AA7A00D557F4 /* Logger.swift */,
				BB482AD2207796D300917DE3 /* Product.swift */,
				BB1E29FF20778F110024E1B5 /* ProductsMessage.swift */,
				BB1E29FB20778ED00024E1B5 /* StoragesMessage.swift */,
				BB10C99220718A230089D4D4 /* MainTableViewController.swift */,
				BB10C99420718D090089D4D4 /* SettingsTableViewController.swift */,
				BB10C984207176440089D4D4 /* Main.storyboard */,
				BB10C987207176440089D4D4 /* Assets.xcassets */,
				BB10C989207176440089D4D4 /* LaunchScreen.storyboard */,
				BB10C98C207176440089D4D4 /* Info.plist */,
			);
			path = ProductAssistant;
			sourceTree = "<group>";
		};
/* End PBXGroup section */

/* Begin PBXNativeTarget section */
		BB10C97C207176440089D4D4 /* ProductAssistant */ = {
			isa = PBXNativeTarget;
			buildConfigurationList = BB10C98F207176440089D4D4 /* Build configuration list for PBXNativeTarget "ProductAssistant" */;
			buildPhases = (
				C95899F67349F9CA94B6C405 /* [CP] Check Pods Manifest.lock */,
				BB10C979207176440089D4D4 /* Sources */,
				BB10C97A207176440089D4D4 /* Frameworks */,
				BB10C97B207176440089D4D4 /* Resources */,
				75788357C734BB9BCAD95498 /* [CP] Embed Pods Frameworks */,
			);
			buildRules = (
			);
			dependencies = (
			);
			name = ProductAssistant;
			productName = ProductAssistant;
			productReference = BB10C97D207176440089D4D4 /* ProductAssistant.app */;
			productType = "com.apple.product-type.application";
		};
/* End PBXNativeTarget section */

/* Begin PBXProject section */
		BB10C975207176440089D4D4 /* Project object */ = {
			isa = PBXProject;
			attributes = {
				LastSwiftUpdateCheck = 0920;
				LastUpgradeCheck = 0920;
				ORGANIZATIONNAME = "Ilya Khalyapin";
				TargetAttributes = {
					BB10C97C207176440089D4D4 = {
						CreatedOnToolsVersion = 9.2;
						ProvisioningStyle = Automatic;
					};
				};
			};
			buildConfigurationList = BB10C978207176440089D4D4 /* Build configuration list for PBXProject "ProductAssistant" */;
			compatibilityVersion = "Xcode 8.0";
			developmentRegion = ru;
			hasScannedForEncodings = 0;
			knownRegions = (
				ru,
				Base,
			);
			mainGroup = BB10C974207176440089D4D4;
			productRefGroup = BB10C97E207176440089D4D4 /* Products */;
			projectDirPath = "";
			projectRoot = "";
			targets = (
				BB10C97C207176440089D4D4 /* ProductAssistant */,
			);
		};
/* End PBXProject section */

/* Begin PBXResourcesBuildPhase section */
		BB10C97B207176440089D4D4 /* Resources */ = {
			isa = PBXResourcesBuildPhase;
			buildActionMask = 2147483647;
			files = (
				BB10C98B207176440089D4D4 /* LaunchScreen.storyboard in Resources */,
				BB10C988207176440089D4D4 /* Assets.xcassets in Resources */,
				BB10C986207176440089D4D4 /* Main.storyboard in Resources */,
			);
			runOnlyForDeploymentPostprocessing = 0;
		};
/* End PBXResourcesBuildPhase section */

/* Begin PBXShellScriptBuildPhase section */
		75788357C734BB9BCAD95498 /* [CP] Embed Pods Frameworks */ = {
			isa = PBXShellScriptBuildPhase;
			buildActionMask = 2147483647;
			files = (
			);
			inputPaths = (
				"${SRCROOT}/Pods/Target Support Files/Pods-ProductAssistant/Pods-ProductAssistant-frameworks.sh",
				"${BUILT_PRODUCTS_DIR}/Alamofire/Alamofire.framework",
				"${BUILT_PRODUCTS_DIR}/CocoaAsyncSocket/CocoaAsyncSocket.framework",
				"${BUILT_PRODUCTS_DIR}/CocoaLumberjack/CocoaLumberjack.framework",
				"${BUILT_PRODUCTS_DIR}/JKVValue/JKVValue.framework",
				"${BUILT_PRODUCTS_DIR}/RMQClient/RMQClient.framework",
				"${BUILT_PRODUCTS_DIR}/Starscream/Starscream.framework",
			);
			name = "[CP] Embed Pods Frameworks";
			outputPaths = (
				"${TARGET_BUILD_DIR}/${FRAMEWORKS_FOLDER_PATH}/Alamofire.framework",
				"${TARGET_BUILD_DIR}/${FRAMEWORKS_FOLDER_PATH}/CocoaAsyncSocket.framework",
				"${TARGET_BUILD_DIR}/${FRAMEWORKS_FOLDER_PATH}/CocoaLumberjack.framework",
				"${TARGET_BUILD_DIR}/${FRAMEWORKS_FOLDER_PATH}/JKVValue.framework",
				"${TARGET_BUILD_DIR}/${FRAMEWORKS_FOLDER_PATH}/RMQClient.framework",
				"${TARGET_BUILD_DIR}/${FRAMEWORKS_FOLDER_PATH}/Starscream.framework",
			);
			runOnlyForDeploymentPostprocessing = 0;
			shellPath = /bin/sh;
			shellScript = "\"${SRCROOT}/Pods/Target Support Files/Pods-ProductAssistant/Pods-ProductAssistant-frameworks.sh\"\n";
			showEnvVarsInLog = 0;
		};
		C95899F67349F9CA94B6C405 /* [CP] Check Pods Manifest.lock */ = {
			isa = PBXShellScriptBuildPhase;
			buildActionMask = 2147483647;
			files = (
			);
			inputPaths = (
				"${PODS_PODFILE_DIR_PATH}/Podfile.lock",
				"${PODS_ROOT}/Manifest.lock",
			);
			name = "[CP] Check Pods Manifest.lock";
			outputPaths = (
				"$(DERIVED_FILE_DIR)/Pods-ProductAssistant-checkManifestLockResult.txt",
			);
			runOnlyForDeploymentPostprocessing = 0;
			shellPath = /bin/sh;
			shellScript = "diff \"${PODS_PODFILE_DIR_PATH}/Podfile.lock\" \"${PODS_ROOT}/Manifest.lock\" > /dev/null\nif [ $? != 0 ] ; then\n    # print error to STDERR\n    echo \"error: The sandbox is not in sync with the Podfile.lock. Run 'pod install' or update your CocoaPods installation.\" >&2\n    exit 1\nfi\n# This output is used by Xcode 'outputs' to avoid re-running this script phase.\necho \"SUCCESS\" > \"${SCRIPT_OUTPUT_FILE_0}\"\n";
			showEnvVarsInLog = 0;
		};
/* End PBXShellScriptBuildPhase section */

/* Begin PBXSourcesBuildPhase section */
		BB10C979207176440089D4D4 /* Sources */ = {
			isa = PBXSourcesBuildPhase;
			buildActionMask = 2147483647;
			files = (
				BB1E29FC20778ED00024E1B5 /* StoragesMessage.swift in Sources */,
				BB2CEAC22071AA7A00D557F4 /* Logger.swift in Sources */,
				BB482AD3207796D300917DE3 /* Product.swift in Sources */,
				BB2CEAC42071BDA100D557F4 /* Rabbit.swift in Sources */,
				BB10C99320718A230089D4D4 /* MainTableViewController.swift in Sources */,
				BB10C981207176440089D4D4 /* AppDelegate.swift in Sources */,
				BB10C997207190FE0089D4D4 /* API.swift in Sources */,
				BB2404CD207824BF00EDB3C4 /* RabbitsHolder.swift in Sources */,
				BB10C99520718D090089D4D4 /* SettingsTableViewController.swift in Sources */,
				BB1E2A0020778F110024E1B5 /* ProductsMessage.swift in Sources */,
			);
			runOnlyForDeploymentPostprocessing = 0;
		};
/* End PBXSourcesBuildPhase section */

/* Begin PBXVariantGroup section */
		BB10C984207176440089D4D4 /* Main.storyboard */ = {
			isa = PBXVariantGroup;
			children = (
				BB10C985207176440089D4D4 /* Base */,
			);
			name = Main.storyboard;
			sourceTree = "<group>";
		};
		BB10C989207176440089D4D4 /* LaunchScreen.storyboard */ = {
			isa = PBXVariantGroup;
			children = (
				BB10C98A207176440089D4D4 /* Base */,
			);
			name = LaunchScreen.storyboard;
			sourceTree = "<group>";
		};
/* End PBXVariantGroup section */

/* Begin XCBuildConfiguration section */
		BB10C98D207176440089D4D4 /* Debug */ = {
			isa = XCBuildConfiguration;
			buildSettings = {
				ALWAYS_SEARCH_USER_PATHS = NO;
				CLANG_ANALYZER_NONNULL = YES;
				CLANG_ANALYZER_NUMBER_OBJECT_CONVERSION = YES_AGGRESSIVE;
				CLANG_CXX_LANGUAGE_STANDARD = "gnu++14";
				CLANG_CXX_LIBRARY = "libc++";
				CLANG_ENABLE_MODULES = YES;
				CLANG_ENABLE_OBJC_ARC = YES;
				CLANG_WARN_BLOCK_CAPTURE_AUTORELEASING = YES;
				CLANG_WARN_BOOL_CONVERSION = YES;
				CLANG_WARN_COMMA = YES;
				CLANG_WARN_CONSTANT_CONVERSION = YES;
				CLANG_WARN_DIRECT_OBJC_ISA_USAGE = YES_ERROR;
				CLANG_WARN_DOCUMENTATION_COMMENTS = YES;
				CLANG_WARN_EMPTY_BODY = YES;
				CLANG_WARN_ENUM_CONVERSION = YES;
				CLANG_WARN_INFINITE_RECURSION = YES;
				CLANG_WARN_INT_CONVERSION = YES;
				CLANG_WARN_NON_LITERAL_NULL_CONVERSION = YES;
				CLANG_WARN_OBJC_LITERAL_CONVERSION = YES;
				CLANG_WARN_OBJC_ROOT_CLASS = YES_ERROR;
				CLANG_WARN_RANGE_LOOP_ANALYSIS = YES;
				CLANG_WARN_STRICT_PROTOTYPES = YES;
				CLANG_WARN_SUSPICIOUS_MOVE = YES;
				CLANG_WARN_UNGUARDED_AVAILABILITY = YES_AGGRESSIVE;
				CLANG_WARN_UNREACHABLE_CODE = YES;
				CLANG_WARN__DUPLICATE_METHOD_MATCH = YES;
				CODE_SIGN_IDENTITY = "iPhone Developer";
				COPY_PHASE_STRIP = NO;
				DEBUG_INFORMATION_FORMAT = dwarf;
				ENABLE_STRICT_OBJC_MSGSEND = YES;
				ENABLE_TESTABILITY = YES;
				GCC_C_LANGUAGE_STANDARD = gnu11;
				GCC_DYNAMIC_NO_PIC = NO;
				GCC_NO_COMMON_BLOCKS = YES;
				GCC_OPTIMIZATION_LEVEL = 0;
				GCC_PREPROCESSOR_DEFINITIONS = (
					"DEBUG=1",
					"$(inherited)",
				);
				GCC_WARN_64_TO_32_BIT_CONVERSION = YES;
				GCC_WARN_ABOUT_RETURN_TYPE = YES_ERROR;
				GCC_WARN_UNDECLARED_SELECTOR = YES;
				GCC_WARN_UNINITIALIZED_AUTOS = YES_AGGRESSIVE;
				GCC_WARN_UNUSED_FUNCTION = YES;
				GCC_WARN_UNUSED_VARIABLE = YES;
				IPHONEOS_DEPLOYMENT_TARGET = 10.0;
				MTL_ENABLE_DEBUG_INFO = YES;
				ONLY_ACTIVE_ARCH = YES;
				SDKROOT = iphoneos;
				SWIFT_ACTIVE_COMPILATION_CONDITIONS = DEBUG;
				SWIFT_OPTIMIZATION_LEVEL = "-Onone";
			};
			name = Debug;
		};
		BB10C98E207176440089D4D4 /* Release */ = {
			isa = XCBuildConfiguration;
			buildSettings = {
				ALWAYS_SEARCH_USER_PATHS = NO;
				CLANG_ANALYZER_NONNULL = YES;
				CLANG_ANALYZER_NUMBER_OBJECT_CONVERSION = YES_AGGRESSIVE;
				CLANG_CXX_LANGUAGE_STANDARD = "gnu++14";
				CLANG_CXX_LIBRARY = "libc++";
				CLANG_ENABLE_MODULES = YES;
				CLANG_ENABLE_OBJC_ARC = YES;
				CLANG_WARN_BLOCK_CAPTURE_AUTORELEASING = YES;
				CLANG_WARN_BOOL_CONVERSION = YES;
				CLANG_WARN_COMMA = YES;
				CLANG_WARN_CONSTANT_CONVERSION = YES;
				CLANG_WARN_DIRECT_OBJC_ISA_USAGE = YES_ERROR;
				CLANG_WARN_DOCUMENTATION_COMMENTS = YES;
				CLANG_WARN_EMPTY_BODY = YES;
				CLANG_WARN_ENUM_CONVERSION = YES;
				CLANG_WARN_INFINITE_RECURSION = YES;
				CLANG_WARN_INT_CONVERSION = YES;
				CLANG_WARN_NON_LITERAL_NULL_CONVERSION = YES;
				CLANG_WARN_OBJC_LITERAL_CONVERSION = YES;
				CLANG_WARN_OBJC_ROOT_CLASS = YES_ERROR;
				CLANG_WARN_RANGE_LOOP_ANALYSIS = YES;
				CLANG_WARN_STRICT_PROTOTYPES = YES;
				CLANG_WARN_SUSPICIOUS_MOVE = YES;
				CLANG_WARN_UNGUARDED_AVAILABILITY = YES_AGGRESSIVE;
				CLANG_WARN_UNREACHABLE_CODE = YES;
				CLANG_WARN__DUPLICATE_METHOD_MATCH = YES;
				CODE_SIGN_IDENTITY = "iPhone Developer";
				COPY_PHASE_STRIP = NO;
				DEBUG_INFORMATION_FORMAT = "dwarf-with-dsym";
				ENABLE_NS_ASSERTIONS = NO;
				ENABLE_STRICT_OBJC_MSGSEND = YES;
				GCC_C_LANGUAGE_STANDARD = gnu11;
				GCC_NO_COMMON_BLOCKS = YES;
				GCC_WARN_64_TO_32_BIT_CONVERSION = YES;
				GCC_WARN_ABOUT_RETURN_TYPE = YES_ERROR;
				GCC_WARN_UNDECLARED_SELECTOR = YES;
				GCC_WARN_UNINITIALIZED_AUTOS = YES_AGGRESSIVE;
				GCC_WARN_UNUSED_FUNCTION = YES;
				GCC_WARN_UNUSED_VARIABLE = YES;
				IPHONEOS_DEPLOYMENT_TARGET = 10.0;
				MTL_ENABLE_DEBUG_INFO = NO;
				SDKROOT = iphoneos;
				SWIFT_OPTIMIZATION_LEVEL = "-Owholemodule";
				VALIDATE_PRODUCT = YES;
			};
			name = Release;
		};
		BB10C990207176440089D4D4 /* Debug */ = {
			isa = XCBuildConfiguration;
			baseConfigurationReference = BA22DE5C0A2B92D29862BC19 /* Pods-ProductAssistant.debug.xcconfig */;
			buildSettings = {
				ASSETCATALOG_COMPILER_APPICON_NAME = AppIcon;
				CODE_SIGN_STYLE = Automatic;
				DEVELOPMENT_TEAM = 5PQ3T7YGZE;
				INFOPLIST_FILE = ProductAssistant/Info.plist;
				IPHONEOS_DEPLOYMENT_TARGET = 10.0;
				LD_RUNPATH_SEARCH_PATHS = "$(inherited) @executable_path/Frameworks";
				PRODUCT_BUNDLE_IDENTIFIER = ru.ilyahal.ProductAssistant;
				PRODUCT_NAME = "$(TARGET_NAME)";
				SWIFT_VERSION = 4.0;
				TARGETED_DEVICE_FAMILY = 1;
			};
			name = Debug;
		};
		BB10C991207176440089D4D4 /* Release */ = {
			isa = XCBuildConfiguration;
			baseConfigurationReference = 913A4584BED76D7C7FBD01CA /* Pods-ProductAssistant.release.xcconfig */;
			buildSettings = {
				ASSETCATALOG_COMPILER_APPICON_NAME = AppIcon;
				CODE_SIGN_STYLE = Automatic;
				DEVELOPMENT_TEAM = 5PQ3T7YGZE;
				INFOPLIST_FILE = ProductAssistant/Info.plist;
				IPHONEOS_DEPLOYMENT_TARGET = 10.0;
				LD_RUNPATH_SEARCH_PATHS = "$(inherited) @executable_path/Frameworks";
				PRODUCT_BUNDLE_IDENTIFIER = ru.ilyahal.ProductAssistant;
				PRODUCT_NAME = "$(TARGET_NAME)";
				SWIFT_VERSION = 4.0;
				TARGETED_DEVICE_FAMILY = 1;
			};
			name = Release;
		};
/* End XCBuildConfiguration section */

/* Begin XCConfigurationList section */
		BB10C978207176440089D4D4 /* Build configuration list for PBXProject "ProductAssistant" */ = {
			isa = XCConfigurationList;
			buildConfigurations = (
				BB10C98D207176440089D4D4 /* Debug */,
				BB10C98E207176440089D4D4 /* Release */,
			);
			defaultConfigurationIsVisible = 0;
			defaultConfigurationName = Release;
		};
		BB10C98F207176440089D4D4 /* Build configuration list for PBXNativeTarget "ProductAssistant" */ = {
			isa = XCConfigurationList;
			buildConfigurations = (
				BB10C990207176440089D4D4 /* Debug */,
				BB10C991207176440089D4D4 /* Release */,
			);
			defaultConfigurationIsVisible = 0;
			defaultConfigurationName = Release;
		};
/* End XCConfigurationList section */
	};
	rootObject = BB10C975207176440089D4D4 /* Project object */;
}
